
Microsoft Visual Studio Solution File, Format Version 12.00
# Visual Studio Version 16
VisualStudioVersion = 16.0.32228.343
MinimumVisualStudioVersion = 10.0.40219.1
Project("{FAE04EC0-301F-11D3-BF4B-00C04F79EFBC}") = "CotizacionDeRopas", "CotizacionDeRopas\CotizacionDeRopas.csproj", "{A09F323D-A823-4117-BB74-714FEE281636}"
EndProject
Global
	GlobalSection(SolutionConfigurationPlatforms) = preSolution
		Debug|Any CPU = Debug|Any CPU
		Release|Any CPU = Release|Any CPU
	EndGlobalSection
	GlobalSection(ProjectConfigurationPlatforms) = postSolution
		{A09F323D-A823-4117-BB74-714FEE281636}.Debug|Any CPU.ActiveCfg = Debug|Any CPU
		{A09F323D-A823-4117-BB74-714FEE281636}.Debug|Any CPU.Build.0 = Debug|Any CPU
		{A09F323D-A823-4117-BB74-714FEE281636}.Release|Any CPU.ActiveCfg = Release|Any CPU
		{A09F323D-A823-4117-BB74-714FEE281636}.Release|Any CPU.Build.0 = Release|Any CPU
	EndGlobalSection
	GlobalSection(SolutionProperties) = preSolution
		HideSolutionNode = FALSE
	EndGlobalSection
	GlobalSection(ExtensibilityGlobals) = postSolution
		SolutionGuid = {5A8F3EC2-CE86-499C-BBF7-0D4387024C1D}
	EndGlobalSection
EndGlobal
